
Microsoft Visual Studio Solution File, Format Version 12.00
# Visual Studio Version 17
VisualStudioVersion = 17.6.33723.286
MinimumVisualStudioVersion = 10.0.40219.1
Project("{9A19103F-16F7-4668-BE54-9A1E7A4F7556}") = "BlazorTest", "BlazorTest\BlazorTest.csproj", "{6A31C356-B574-4F9B-B591-564C7541B262}"
EndProject
Global
	GlobalSection(SolutionConfigurationPlatforms) = preSolution
		Debug|Any CPU = Debug|Any CPU
		Release|Any CPU = Release|Any CPU
	EndGlobalSection
	GlobalSection(ProjectConfigurationPlatforms) = postSolution
		{6A31C356-B574-4F9B-B591-564C7541B262}.Debug|Any CPU.ActiveCfg = Debug|Any CPU
		{6A31C356-B574-4F9B-B591-564C7541B262}.Debug|Any CPU.Build.0 = Debug|Any CPU
		{6A31C356-B574-4F9B-B591-564C7541B262}.Release|Any CPU.ActiveCfg = Release|Any CPU
		{6A31C356-B574-4F9B-B591-564C7541B262}.Release|Any CPU.Build.0 = Release|Any CPU
	EndGlobalSection
	GlobalSection(SolutionProperties) = preSolution
		HideSolutionNode = FALSE
	EndGlobalSection
	GlobalSection(ExtensibilityGlobals) = postSolution
		SolutionGuid = {B5969ED2-4DE8-4701-970D-020C4DFA1A9C}
	EndGlobalSection
EndGlobal
